
Microsoft Visual Studio Solution File, Format Version 12.00
# Visual Studio Version 17
VisualStudioVersion = 17.5.002.0
MinimumVisualStudioVersion = 10.0.40219.1
Project("{9A19103F-16F7-4668-BE54-9A1E7A4F7556}") = "ExtraVert", "ExtraVert.csproj", "{5F232CAB-90E6-41A7-94D7-155FBE24BF0A}"
EndProject
Global
	GlobalSection(SolutionConfigurationPlatforms) = preSolution
		Debug|Any CPU = Debug|Any CPU
		Release|Any CPU = Release|Any CPU
	EndGlobalSection
	GlobalSection(ProjectConfigurationPlatforms) = postSolution
		{5F232CAB-90E6-41A7-94D7-155FBE24BF0A}.Debug|Any CPU.ActiveCfg = Debug|Any CPU
		{5F232CAB-90E6-41A7-94D7-155FBE24BF0A}.Debug|Any CPU.Build.0 = Debug|Any CPU
		{5F232CAB-90E6-41A7-94D7-155FBE24BF0A}.Release|Any CPU.ActiveCfg = Release|Any CPU
		{5F232CAB-90E6-41A7-94D7-155FBE24BF0A}.Release|Any CPU.Build.0 = Release|Any CPU
	EndGlobalSection
	GlobalSection(SolutionProperties) = preSolution
		HideSolutionNode = FALSE
	EndGlobalSection
	GlobalSection(ExtensibilityGlobals) = postSolution
		SolutionGuid = {C305C79D-6BE5-4DAC-90A0-D9F6C6EBE546}
	EndGlobalSection
EndGlobal
